
Microsoft Visual Studio Solution File, Format Version 12.00
# Visual Studio 15
VisualStudioVersion = 15.0.28307.168
MinimumVisualStudioVersion = 10.0.40219.1
Project("{FAE04EC0-301F-11D3-BF4B-00C04F79EFBC}") = "AssimpLoaderExample", "AssimpLoaderExample\AssimpLoaderExample.csproj", "{88581622-AE68-4517-90AD-CD904880D894}"
EndProject
Global
	GlobalSection(SolutionConfigurationPlatforms) = preSolution
		Debug|Any CPU = Debug|Any CPU
		Release|Any CPU = Release|Any CPU
	EndGlobalSection
	GlobalSection(ProjectConfigurationPlatforms) = postSolution
		{88581622-AE68-4517-90AD-CD904880D894}.Debug|Any CPU.ActiveCfg = Debug|Any CPU
		{88581622-AE68-4517-90AD-CD904880D894}.Debug|Any CPU.Build.0 = Debug|Any CPU
		{88581622-AE68-4517-90AD-CD904880D894}.Release|Any CPU.ActiveCfg = Release|Any CPU
		{88581622-AE68-4517-90AD-CD904880D894}.Release|Any CPU.Build.0 = Release|Any CPU
	EndGlobalSection
	GlobalSection(SolutionProperties) = preSolution
		HideSolutionNode = FALSE
	EndGlobalSection
	GlobalSection(ExtensibilityGlobals) = postSolution
		SolutionGuid = {C4CFF006-879A-4CC0-8BB4-5F802718388E}
	EndGlobalSection
EndGlobal
